# Applied-migration lock: sha256 of every schema/*.sql exactly as the migrator hashes it.
# Never edit a listed file — databases that already applied it refuse to migrate (Schema drift).
# New migration: add the file AND append its line here (regenerate with tests/unit/test_migrations_immutable.py --help).
760246afadf86beae9b2a5f0fca0a41ccddcd829643a7be2cf6b7be2e716bee8  00_migrations.sql
d9156ae7be2ed81dab28687a7c98ca30bae4499753ad1363382cf54b5741417a  01_base.sql
488f1d98845fa99450dc72d6c448a28d52eebb8e80286bf6774ad79ddf3dbd21  02_frp_extension.sql
3c0611963f0c5681fec297494bd0b69cc35ecfabf6c0ba9d10f85d9584f3b81a  03_work_extension.sql
5690d87282a96ac9259f76009864e841d48ea3f14de1baf840165a734db902ba  04_3d_extension.sql
8d244ab45f9149b242e1b14d2ba1218a9950dc536655cc2ca078a10136d06404  05_ha_extension.sql
f5d5199db22498b404f1ff3867252213fc89d41d634f04ba2e61b9e2a7d39db4  06_indices.sql
4c70a5a2929fede9b24056009e9113317c74875a065624e9722e73777b0601fd  07_extracted_tags.sql
6e349fb838085fe484fb5920403a2d6d31e0cfbc8633225a3602e9cfe248bd63  08_syntheses.sql
15ec2a757e0eb89a2e8a214d5f7d275a3922365fa70345cfa5e07b9dfb9e7972  09_edge_types.sql
dea57448f4f1155a34fc9138b6e14e76541d31ed888210ebdb397f1923830035  10_age_indexes.sql
2e748dd4c3e636483e9d36fbc631aea791fd697e7ce7eca30e00effa47af8817  11_synthesis_runs.sql
5fb4a05d04262c493867b4b22a00b73e843ccbb85743475397d1526d3fcf7cf9  12_capture_extension.sql
c0b7748294f8f06e2dda01f7053ad5ea0504c763e662a330daabb8a9bf80c516  13_email_threads.sql
fe109c83bd59146f26d6a5c81e3c1bf99e7c9fba9d9d1887ae0debe96b30ce90  14_frp_synthesis_perspectives.sql
422bc814e25ca9e4cf4c83ecaf4b41c4031afed81e67a1c84831f045ae77acf5  15_news_synthesis_perspectives.sql
6056f976fa58d7032b6d240a07b4f6b333c281c1e383a7cc995ee13da3aa6da8  16_cross_domain_matches.sql
58ed02506a3773f38dbcec974de38bd8a4d20a148805d69e025fc5692fecbfce  17_newsletter_pipeline.sql
136ba5cdfd0d9674eff70f9f91205ddfe9598a0e83c55d5c878bc2294ca29adc  18_llm_provider_runs.sql
e2ac2d411f4978720469bcf272cb8cb0eb31faf415d4bf66db3ab041faf53580  19_fk_indices.sql
a9cb0c4bdcd5d92a977e9ceeb765f58d45d15c6e9055c9f0a2523804d5a8f0f9  20_pipeline_runs.sql
e3ea8dce10ac7ae2b5b94669d633fc544a4a587e7e7258874f80bc8c1c5ed5aa  21_provider_errors.sql
466ae746dbd9c53295783da4ab7cf661aacc484cf906794bece2ca4e4f31a441  22_live_sections.sql
1e01117730286f3af8f93cd7af65adee2b9e7ed8e05b5aac4d850b01b4deeda4  24_query_log.sql
567ac97a2fcd8f4771bd6d05196be31a19ff1bcb321f98ded327fe0234926f88  25_knowledge_arch_edge_types.sql
ea5f7dc984c495d01858042f7eee024fcfc07a78ca664b4791a449e91ab46d64  26_resurfacing_state.sql
df9b7e30f1859e5a34f5e67ecdedc4582b8cc6a6468cf662033618868fcbea4b  27_notify_triggers.sql
294109e206784b4cf1df6fa1b143903aeff16cb051a45ea16477f10d4a6d7420  28_night_shift_perspective.sql
1c71668cf95dc8e4db0f8c5b27e81935a287b6cd0d7e6a50e0b0e8c073b4a552  29_schema_migrations.sql
c294554d051c9441ed33fc013797924c876a2063b0e6845d26efeb30e8626ec6  30_cockpit_actions.sql
53868193cb84791ea3705055ca3a6d3485ec11582adb61e6d30255f07e1c3a60  31_embeddings_bge_m3_1024.sql
9a534ae996288811a8b221ff6c33546e36e0521ec179a2c17173584d5d7d5292  32_compile_runs_failed_domains.sql
d26b59372ed5306ace68ea0a68e201e8be2002114acd8a3077a3aeedaed6850e  33_capture_lifecycle.sql
2149b559dd10276e11250be91c6f2f9a18a3beede5a5c4340bf124a633734af6  34_capture_content_hash.sql
01849c51dce3aa60075ccfc4f3b9fa83788273a44641672b2986fdb0ac5d9239  35_processor_anomalies.sql
472014940eb86d3b067fcfaecdb13ad649aa35841662f807062ef8982d95276e  36_thought_chunks.sql
d8d6fb604bc6e25af685f630e85bb6de4653d09d9f866cf0cacc65e999c42c9f  37_extraction_bench.sql
0a8676c778dabcfebdeceb4816aeda231a38fe44ba964dde608eb9a7618fa94c  38_bench_token_budget.sql
83b2e08f14f6090dac38a5cab6638d60e893ac0d6f57c21b0f99b96a93b87461  39_bench_thesis_sample.sql
057051c9ebe7e6317ddb12d430c8a0f042ddfacec364af89f32c6ebf57bb293f  40_deletion_integrity.sql
758d69621dec4abfefc5e8325788b9aeedf3c0ff44989dbdaa52e027c90e1a3a  41_corpus_synthesis_perspectives.sql
b150b4bfada019daf5a7b44e5a705b94544431f449e3ed3832f357d58dc37eec  42_thoughts_updated_at.sql
45e1dedbf1cc67e2d44a060d18aa24d2a2604aa38e2e930b1ec1c389652107d6  43_lab_experiments.sql
539d336bea2d217b4c9663e20c1bd0a4fa14727f50c65b6b916d036d1791e392  44_lab_hypotheses.sql
fcbc18c235382af67e8d195ce51d027268490bf58f5f16c90401a4aa248e9f4a  45_gate_edge_type.sql
4b67a0b60fd5bd438a2e7388305b04cde1b5aa8f5b9a9fcf41138c3e9a536b58  46_query_log_error_reason.sql
